
Microsoft Visual Studio Solution File, Format Version 12.00
# Visual Studio Version 16
VisualStudioVersion = 16.0.29424.173
MinimumVisualStudioVersion = 10.0.40219.1
Project("{FAE04EC0-301F-11D3-BF4B-00C04F79EFBC}") = "UDS.VoPlugin", "UDS.TestEduPlugin\UDS.VoPlugin.csproj", "{1B3EE68B-B8C7-4581-8CED-C26659C49B98}"
EndProject
Project("{FAE04EC0-301F-11D3-BF4B-00C04F79EFBC}") = "ConsoleCRMApp", "ConsoleCRMApp\ConsoleCRMApp.csproj", "{B7868D81-BA96-4F9F-B628-CA2F6246E837}"
EndProject
Global
	GlobalSection(SolutionConfigurationPlatforms) = preSolution
		Debug|Any CPU = Debug|Any CPU
		Release|Any CPU = Release|Any CPU
	EndGlobalSection
	GlobalSection(ProjectConfigurationPlatforms) = postSolution
		{1B3EE68B-B8C7-4581-8CED-C26659C49B98}.Debug|Any CPU.ActiveCfg = Debug|Any CPU
		{1B3EE68B-B8C7-4581-8CED-C26659C49B98}.Debug|Any CPU.Build.0 = Debug|Any CPU
		{1B3EE68B-B8C7-4581-8CED-C26659C49B98}.Release|Any CPU.ActiveCfg = Release|Any CPU
		{1B3EE68B-B8C7-4581-8CED-C26659C49B98}.Release|Any CPU.Build.0 = Release|Any CPU
		{B7868D81-BA96-4F9F-B628-CA2F6246E837}.Debug|Any CPU.ActiveCfg = Debug|Any CPU
		{B7868D81-BA96-4F9F-B628-CA2F6246E837}.Debug|Any CPU.Build.0 = Debug|Any CPU
		{B7868D81-BA96-4F9F-B628-CA2F6246E837}.Release|Any CPU.ActiveCfg = Release|Any CPU
		{B7868D81-BA96-4F9F-B628-CA2F6246E837}.Release|Any CPU.Build.0 = Release|Any CPU
	EndGlobalSection
	GlobalSection(SolutionProperties) = preSolution
		HideSolutionNode = FALSE
	EndGlobalSection
	GlobalSection(ExtensibilityGlobals) = postSolution
		SolutionGuid = {F2BD1C71-729C-4123-AEA7-277BA0128338}
	EndGlobalSection
EndGlobal
